
Microsoft Visual Studio Solution File, Format Version 12.00
# Visual Studio Version 17
VisualStudioVersion = 17.10.34916.146
MinimumVisualStudioVersion = 10.0.40219.1
Project("{9A19103F-16F7-4668-BE54-9A1E7A4F7556}") = "FirstCSharpSample", "FirstCSharpSample\FirstCSharpSample.csproj", "{CC580F79-5E80-4A7C-A7A7-F2B4E4860A3B}"
EndProject
Project("{9A19103F-16F7-4668-BE54-9A1E7A4F7556}") = "ToDoApp", "ToDoApp\ToDoApp.csproj", "{706E83F5-4D2E-477F-8066-B3B4E9AC9806}"
EndProject
Project("{9A19103F-16F7-4668-BE54-9A1E7A4F7556}") = "excercise1", "excercise1\excercise1.csproj", "{E8F62FAF-AFDE-47F7-A686-31FA9F53AEE8}"
EndProject
Project("{9A19103F-16F7-4668-BE54-9A1E7A4F7556}") = "exercise2", "exercise2\exercise2.csproj", "{2C27D202-F251-440C-B11A-17AFEB4013ED}"
EndProject
Project("{9A19103F-16F7-4668-BE54-9A1E7A4F7556}") = "Exercise3If", "Exercise3If\Exercise3If.csproj", "{D4B871B1-D87C-4A16-8458-DEBC57D22038}"
EndProject
Project("{9A19103F-16F7-4668-BE54-9A1E7A4F7556}") = "MethodOrfunction", "MethodOrfunction\MethodOrfunction.csproj", "{3AFA4DFB-5193-4AF3-BF72-B1D3F453B22C}"
EndProject
Project("{9A19103F-16F7-4668-BE54-9A1E7A4F7556}") = "Exceptions", "Exceptions\Exceptions.csproj", "{475B8BBD-87BD-4F83-BF6F-94227AD967AB}"
EndProject
Project("{9A19103F-16F7-4668-BE54-9A1E7A4F7556}") = "Exersice4", "Exersice4\Exersice4.csproj", "{C4C44222-713B-4B78-B7BF-7AFC19B50320}"
EndProject
Project("{9A19103F-16F7-4668-BE54-9A1E7A4F7556}") = "Excersice-DoWhiles", "Excersice-DoWhiles\Excersice-DoWhiles.csproj", "{013FFC8A-4022-465E-A737-00BF2C8551C8}"
EndProject
Project("{9A19103F-16F7-4668-BE54-9A1E7A4F7556}") = "Excersice-For", "Excersice-For\Excersice-For.csproj", "{67881C16-9025-405F-AD11-BF0DC23E7370}"
EndProject
Project("{9A19103F-16F7-4668-BE54-9A1E7A4F7556}") = "Excersice-Array", "Excersice-Array\Excersice-Array.csproj", "{3E48C4D2-A032-4F95-93B2-DE2D60D1B8CF}"
EndProject
Project("{9A19103F-16F7-4668-BE54-9A1E7A4F7556}") = "Excersice-Lists", "Excersice-Lists\Excersice-Lists.csproj", "{3D34AF69-CA9B-493C-A29E-0DBB23E5DBFE}"
EndProject
Project("{9A19103F-16F7-4668-BE54-9A1E7A4F7556}") = "Excer-TryParseOut", "Excer-TryParseOut\Excer-TryParseOut.csproj", "{1129E917-BAC1-48CE-816C-22D0ED0E55E4}"
EndProject
Project("{9A19103F-16F7-4668-BE54-9A1E7A4F7556}") = "54-36-HomeWork-Studens", "54-36-HomeWork-Studens\54-36-HomeWork-Studens.csproj", "{2DF25AF5-5E96-42D0-BB4D-554BFFC9171A}"
EndProject
Project("{FAE04EC0-301F-11D3-BF4B-00C04F79EFBC}") = "60-FirstClass", "60-FirstClass\60-FirstClass.csproj", "{56BC7FEB-E698-461D-ADE6-64143C8A16EB}"
EndProject
Project("{FAE04EC0-301F-11D3-BF4B-00C04F79EFBC}") = "61-CustomCunstractor", "61-CustomCunstractor\61-CustomCunstractor.csproj", "{8EE12C80-B1B5-4FC4-9CF0-07C66B0C2E96}"
EndProject
Project("{FAE04EC0-301F-11D3-BF4B-00C04F79EFBC}") = "62-TopLevelStatment", "62-TopLevelStatment\62-TopLevelStatment.csproj", "{2D1EDC16-4ED2-456A-9D6D-51C125A2AACE}"
EndProject
Project("{FAE04EC0-301F-11D3-BF4B-00C04F79EFBC}") = "63-MethodInClass", "63-MethodInClass\63-MethodInClass.csproj", "{2F5EEA0B-88BE-42F9-B8A7-E05DD488A4F9}"
EndProject
Global
	GlobalSection(SolutionConfigurationPlatforms) = preSolution
		Debug|Any CPU = Debug|Any CPU
		Release|Any CPU = Release|Any CPU
	EndGlobalSection
	GlobalSection(ProjectConfigurationPlatforms) = postSolution
		{CC580F79-5E80-4A7C-A7A7-F2B4E4860A3B}.Debug|Any CPU.ActiveCfg = Debug|Any CPU
		{CC580F79-5E80-4A7C-A7A7-F2B4E4860A3B}.Debug|Any CPU.Build.0 = Debug|Any CPU
		{CC580F79-5E80-4A7C-A7A7-F2B4E4860A3B}.Release|Any CPU.ActiveCfg = Release|Any CPU
		{CC580F79-5E80-4A7C-A7A7-F2B4E4860A3B}.Release|Any CPU.Build.0 = Release|Any CPU
		{706E83F5-4D2E-477F-8066-B3B4E9AC9806}.Debug|Any CPU.ActiveCfg = Debug|Any CPU
		{706E83F5-4D2E-477F-8066-B3B4E9AC9806}.Debug|Any CPU.Build.0 = Debug|Any CPU
		{706E83F5-4D2E-477F-8066-B3B4E9AC9806}.Release|Any CPU.ActiveCfg = Release|Any CPU
		{706E83F5-4D2E-477F-8066-B3B4E9AC9806}.Release|Any CPU.Build.0 = Release|Any CPU
		{E8F62FAF-AFDE-47F7-A686-31FA9F53AEE8}.Debug|Any CPU.ActiveCfg = Debug|Any CPU
		{E8F62FAF-AFDE-47F7-A686-31FA9F53AEE8}.Debug|Any CPU.Build.0 = Debug|Any CPU
		{E8F62FAF-AFDE-47F7-A686-31FA9F53AEE8}.Release|Any CPU.ActiveCfg = Release|Any CPU
		{E8F62FAF-AFDE-47F7-A686-31FA9F53AEE8}.Release|Any CPU.Build.0 = Release|Any CPU
		{2C27D202-F251-440C-B11A-17AFEB4013ED}.Debug|Any CPU.ActiveCfg = Debug|Any CPU
		{2C27D202-F251-440C-B11A-17AFEB4013ED}.Debug|Any CPU.Build.0 = Debug|Any CPU
		{2C27D202-F251-440C-B11A-17AFEB4013ED}.Release|Any CPU.ActiveCfg = Release|Any CPU
		{2C27D202-F251-440C-B11A-17AFEB4013ED}.Release|Any CPU.Build.0 = Release|Any CPU
		{D4B871B1-D87C-4A16-8458-DEBC57D22038}.Debug|Any CPU.ActiveCfg = Debug|Any CPU
		{D4B871B1-D87C-4A16-8458-DEBC57D22038}.Debug|Any CPU.Build.0 = Debug|Any CPU
		{D4B871B1-D87C-4A16-8458-DEBC57D22038}.Release|Any CPU.ActiveCfg = Release|Any CPU
		{D4B871B1-D87C-4A16-8458-DEBC57D22038}.Release|Any CPU.Build.0 = Release|Any CPU
		{3AFA4DFB-5193-4AF3-BF72-B1D3F453B22C}.Debug|Any CPU.ActiveCfg = Debug|Any CPU
		{3AFA4DFB-5193-4AF3-BF72-B1D3F453B22C}.Debug|Any CPU.Build.0 = Debug|Any CPU
		{3AFA4DFB-5193-4AF3-BF72-B1D3F453B22C}.Release|Any CPU.ActiveCfg = Release|Any CPU
		{3AFA4DFB-5193-4AF3-BF72-B1D3F453B22C}.Release|Any CPU.Build.0 = Release|Any CPU
		{475B8BBD-87BD-4F83-BF6F-94227AD967AB}.Debug|Any CPU.ActiveCfg = Debug|Any CPU
		{475B8BBD-87BD-4F83-BF6F-94227AD967AB}.Debug|Any CPU.Build.0 = Debug|Any CPU
		{475B8BBD-87BD-4F83-BF6F-94227AD967AB}.Release|Any CPU.ActiveCfg = Release|Any CPU
		{475B8BBD-87BD-4F83-BF6F-94227AD967AB}.Release|Any CPU.Build.0 = Release|Any CPU
		{C4C44222-713B-4B78-B7BF-7AFC19B50320}.Debug|Any CPU.ActiveCfg = Debug|Any CPU
		{C4C44222-713B-4B78-B7BF-7AFC19B50320}.Debug|Any CPU.Build.0 = Debug|Any CPU
		{C4C44222-713B-4B78-B7BF-7AFC19B50320}.Release|Any CPU.ActiveCfg = Release|Any CPU
		{C4C44222-713B-4B78-B7BF-7AFC19B50320}.Release|Any CPU.Build.0 = Release|Any CPU
		{013FFC8A-4022-465E-A737-00BF2C8551C8}.Debug|Any CPU.ActiveCfg = Debug|Any CPU
		{013FFC8A-4022-465E-A737-00BF2C8551C8}.Debug|Any CPU.Build.0 = Debug|Any CPU
		{013FFC8A-4022-465E-A737-00BF2C8551C8}.Release|Any CPU.ActiveCfg = Release|Any CPU
		{013FFC8A-4022-465E-A737-00BF2C8551C8}.Release|Any CPU.Build.0 = Release|Any CPU
		{67881C16-9025-405F-AD11-BF0DC23E7370}.Debug|Any CPU.ActiveCfg = Debug|Any CPU
		{67881C16-9025-405F-AD11-BF0DC23E7370}.Debug|Any CPU.Build.0 = Debug|Any CPU
		{67881C16-9025-405F-AD11-BF0DC23E7370}.Release|Any CPU.ActiveCfg = Release|Any CPU
		{67881C16-9025-405F-AD11-BF0DC23E7370}.Release|Any CPU.Build.0 = Release|Any CPU
		{3E48C4D2-A032-4F95-93B2-DE2D60D1B8CF}.Debug|Any CPU.ActiveCfg = Debug|Any CPU
		{3E48C4D2-A032-4F95-93B2-DE2D60D1B8CF}.Debug|Any CPU.Build.0 = Debug|Any CPU
		{3E48C4D2-A032-4F95-93B2-DE2D60D1B8CF}.Release|Any CPU.ActiveCfg = Release|Any CPU
		{3E48C4D2-A032-4F95-93B2-DE2D60D1B8CF}.Release|Any CPU.Build.0 = Release|Any CPU
		{3D34AF69-CA9B-493C-A29E-0DBB23E5DBFE}.Debug|Any CPU.ActiveCfg = Debug|Any CPU
		{3D34AF69-CA9B-493C-A29E-0DBB23E5DBFE}.Debug|Any CPU.Build.0 = Debug|Any CPU
		{3D34AF69-CA9B-493C-A29E-0DBB23E5DBFE}.Release|Any CPU.ActiveCfg = Release|Any CPU
		{3D34AF69-CA9B-493C-A29E-0DBB23E5DBFE}.Release|Any CPU.Build.0 = Release|Any CPU
		{1129E917-BAC1-48CE-816C-22D0ED0E55E4}.Debug|Any CPU.ActiveCfg = Debug|Any CPU
		{1129E917-BAC1-48CE-816C-22D0ED0E55E4}.Debug|Any CPU.Build.0 = Debug|Any CPU
		{1129E917-BAC1-48CE-816C-22D0ED0E55E4}.Release|Any CPU.ActiveCfg = Release|Any CPU
		{1129E917-BAC1-48CE-816C-22D0ED0E55E4}.Release|Any CPU.Build.0 = Release|Any CPU
		{2DF25AF5-5E96-42D0-BB4D-554BFFC9171A}.Debug|Any CPU.ActiveCfg = Debug|Any CPU
		{2DF25AF5-5E96-42D0-BB4D-554BFFC9171A}.Debug|Any CPU.Build.0 = Debug|Any CPU
		{2DF25AF5-5E96-42D0-BB4D-554BFFC9171A}.Release|Any CPU.ActiveCfg = Release|Any CPU
		{2DF25AF5-5E96-42D0-BB4D-554BFFC9171A}.Release|Any CPU.Build.0 = Release|Any CPU
		{56BC7FEB-E698-461D-ADE6-64143C8A16EB}.Debug|Any CPU.ActiveCfg = Debug|Any CPU
		{56BC7FEB-E698-461D-ADE6-64143C8A16EB}.Debug|Any CPU.Build.0 = Debug|Any CPU
		{56BC7FEB-E698-461D-ADE6-64143C8A16EB}.Release|Any CPU.ActiveCfg = Release|Any CPU
		{56BC7FEB-E698-461D-ADE6-64143C8A16EB}.Release|Any CPU.Build.0 = Release|Any CPU
		{8EE12C80-B1B5-4FC4-9CF0-07C66B0C2E96}.Debug|Any CPU.ActiveCfg = Debug|Any CPU
		{8EE12C80-B1B5-4FC4-9CF0-07C66B0C2E96}.Debug|Any CPU.Build.0 = Debug|Any CPU
		{8EE12C80-B1B5-4FC4-9CF0-07C66B0C2E96}.Release|Any CPU.ActiveCfg = Release|Any CPU
		{8EE12C80-B1B5-4FC4-9CF0-07C66B0C2E96}.Release|Any CPU.Build.0 = Release|Any CPU
		{2D1EDC16-4ED2-456A-9D6D-51C125A2AACE}.Debug|Any CPU.ActiveCfg = Debug|Any CPU
		{2D1EDC16-4ED2-456A-9D6D-51C125A2AACE}.Debug|Any CPU.Build.0 = Debug|Any CPU
		{2D1EDC16-4ED2-456A-9D6D-51C125A2AACE}.Release|Any CPU.ActiveCfg = Release|Any CPU
		{2D1EDC16-4ED2-456A-9D6D-51C125A2AACE}.Release|Any CPU.Build.0 = Release|Any CPU
		{2F5EEA0B-88BE-42F9-B8A7-E05DD488A4F9}.Debug|Any CPU.ActiveCfg = Debug|Any CPU
		{2F5EEA0B-88BE-42F9-B8A7-E05DD488A4F9}.Debug|Any CPU.Build.0 = Debug|Any CPU
		{2F5EEA0B-88BE-42F9-B8A7-E05DD488A4F9}.Release|Any CPU.ActiveCfg = Release|Any CPU
		{2F5EEA0B-88BE-42F9-B8A7-E05DD488A4F9}.Release|Any CPU.Build.0 = Release|Any CPU
	EndGlobalSection
	GlobalSection(SolutionProperties) = preSolution
		HideSolutionNode = FALSE
	EndGlobalSection
	GlobalSection(ExtensibilityGlobals) = postSolution
		SolutionGuid = {E71389DE-9B4B-44D9-B0E6-F71111A69B72}
	EndGlobalSection
EndGlobal
