
Microsoft Visual Studio Solution File, Format Version 12.00
# Visual Studio Version 17
VisualStudioVersion = 17.10.34916.146
MinimumVisualStudioVersion = 10.0.40219.1
Project("{9A19103F-16F7-4668-BE54-9A1E7A4F7556}") = "001-FirstCSharpSample", "FirstCSharpSample\001-FirstCSharpSample.csproj", "{CC580F79-5E80-4A7C-A7A7-F2B4E4860A3B}"
EndProject
Project("{9A19103F-16F7-4668-BE54-9A1E7A4F7556}") = "001-ToDoApp", "ToDoApp\001-ToDoApp.csproj", "{706E83F5-4D2E-477F-8066-B3B4E9AC9806}"
EndProject
Project("{9A19103F-16F7-4668-BE54-9A1E7A4F7556}") = "001-excercise1", "excercise1\001-excercise1.csproj", "{E8F62FAF-AFDE-47F7-A686-31FA9F53AEE8}"
EndProject
Project("{9A19103F-16F7-4668-BE54-9A1E7A4F7556}") = "001-exercise2", "exercise2\001-exercise2.csproj", "{2C27D202-F251-440C-B11A-17AFEB4013ED}"
EndProject
Project("{9A19103F-16F7-4668-BE54-9A1E7A4F7556}") = "001-Exercise3If", "Exercise3If\001-Exercise3If.csproj", "{D4B871B1-D87C-4A16-8458-DEBC57D22038}"
EndProject
Project("{9A19103F-16F7-4668-BE54-9A1E7A4F7556}") = "001-MethodOrfunction", "MethodOrfunction\001-MethodOrfunction.csproj", "{3AFA4DFB-5193-4AF3-BF72-B1D3F453B22C}"
EndProject
Project("{9A19103F-16F7-4668-BE54-9A1E7A4F7556}") = "001-Exceptions", "Exceptions\001-Exceptions.csproj", "{475B8BBD-87BD-4F83-BF6F-94227AD967AB}"
EndProject
Project("{9A19103F-16F7-4668-BE54-9A1E7A4F7556}") = "001-Exersice4", "Exersice4\001-Exersice4.csproj", "{C4C44222-713B-4B78-B7BF-7AFC19B50320}"
EndProject
Project("{9A19103F-16F7-4668-BE54-9A1E7A4F7556}") = "001-Excersice-DoWhiles", "Excersice-DoWhiles\001-Excersice-DoWhiles.csproj", "{013FFC8A-4022-465E-A737-00BF2C8551C8}"
EndProject
Project("{9A19103F-16F7-4668-BE54-9A1E7A4F7556}") = "001-Excersice-For", "Excersice-For\001-Excersice-For.csproj", "{67881C16-9025-405F-AD11-BF0DC23E7370}"
EndProject
Project("{9A19103F-16F7-4668-BE54-9A1E7A4F7556}") = "001-Excersice-Array", "Excersice-Array\001-Excersice-Array.csproj", "{3E48C4D2-A032-4F95-93B2-DE2D60D1B8CF}"
EndProject
Project("{9A19103F-16F7-4668-BE54-9A1E7A4F7556}") = "001-Excersice-Lists", "Excersice-Lists\001-Excersice-Lists.csproj", "{3D34AF69-CA9B-493C-A29E-0DBB23E5DBFE}"
EndProject
Project("{9A19103F-16F7-4668-BE54-9A1E7A4F7556}") = "001-Excer-TryParseOut", "Excer-TryParseOut\001-Excer-TryParseOut.csproj", "{1129E917-BAC1-48CE-816C-22D0ED0E55E4}"
EndProject
Project("{9A19103F-16F7-4668-BE54-9A1E7A4F7556}") = "54-36-HomeWork-Studens", "54-36-HomeWork-Studens\54-36-HomeWork-Studens.csproj", "{2DF25AF5-5E96-42D0-BB4D-554BFFC9171A}"
EndProject
Project("{9A19103F-16F7-4668-BE54-9A1E7A4F7556}") = "60-FirstClass", "60-FirstClass\60-FirstClass.csproj", "{56BC7FEB-E698-461D-ADE6-64143C8A16EB}"
EndProject
Project("{9A19103F-16F7-4668-BE54-9A1E7A4F7556}") = "61-CustomCunstractor", "61-CustomCunstractor\61-CustomCunstractor.csproj", "{8EE12C80-B1B5-4FC4-9CF0-07C66B0C2E96}"
EndProject
Project("{9A19103F-16F7-4668-BE54-9A1E7A4F7556}") = "62-TopLevelStatment", "62-TopLevelStatment\62-TopLevelStatment.csproj", "{2D1EDC16-4ED2-456A-9D6D-51C125A2AACE}"
EndProject
Project("{9A19103F-16F7-4668-BE54-9A1E7A4F7556}") = "63-MethodInClass", "63-MethodInClass\63-MethodInClass.csproj", "{2F5EEA0B-88BE-42F9-B8A7-E05DD488A4F9}"
EndProject
Project("{9A19103F-16F7-4668-BE54-9A1E7A4F7556}") = "65-Overloading", "65-Overloading\65-Overloading.csproj", "{EB559765-EBD5-4C7B-8F16-EE85B5129584}"
EndProject
Project("{9A19103F-16F7-4668-BE54-9A1E7A4F7556}") = "67-ThisKeyword", "67-ThisKeyword\67-ThisKeyword.csproj", "{7EBCECAF-0964-4D49-8764-B8D79FB2C4D1}"
EndProject
Project("{9A19103F-16F7-4668-BE54-9A1E7A4F7556}") = "68-NamedParameter", "68-NamedParameter\68-NamedParameter.csproj", "{A006F769-8F15-437A-BD2B-D18E3BD089BF}"
EndProject
Project("{9A19103F-16F7-4668-BE54-9A1E7A4F7556}") = "69-Constant-ReadOnly", "69-Constant-ReadOnly\69-Constant-ReadOnly.csproj", "{8E20C14E-A1BE-439E-BF1C-76D41C73A6FB}"
EndProject
Project("{9A19103F-16F7-4668-BE54-9A1E7A4F7556}") = "70-Propery-Method-Feild", "70-Propery-Method-Feild\70-Propery-Method-Feild.csproj", "{0F044FCE-9BA7-4CCE-99A7-BBECD04FC2A5}"
EndProject
Project("{9A19103F-16F7-4668-BE54-9A1E7A4F7556}") = "71-ObjectInitialazer-Constructor", "71-ObjectInitialazer-Constructor\71-ObjectInitialazer-Constructor.csproj", "{534744F1-4E30-4F13-A5BF-C29026B6AB8D}"
EndProject
Project("{9A19103F-16F7-4668-BE54-9A1E7A4F7556}") = "72-StaticClassMethod", "72-StaticClassMethod\72-StaticClassMethod.csproj", "{15AF43A0-EAD7-4518-AAE6-D3EDEA398B73}"
EndProject
Project("{9A19103F-16F7-4668-BE54-9A1E7A4F7556}") = "73-Namespace-Using-Global", "73-Namespace-Using-Global\73-Namespace-Using-Global.csproj", "{4B0DB185-FB68-4843-8DB3-495FA1348825}"
EndProject
Project("{9A19103F-16F7-4668-BE54-9A1E7A4F7556}") = "74-SRP-TextFileLoadAndWrite", "74-SRP-TextFileLoadAndWrite\74-SRP-TextFileLoadAndWrite.csproj", "{485D5265-9F72-4256-AAFB-61113AD76A10}"
EndProject
Project("{9A19103F-16F7-4668-BE54-9A1E7A4F7556}") = "75-Refactor74-Repository", "75-Refactor74-Repository\75-Refactor74-Repository.csproj", "{2E74576E-8613-455B-AF86-27571A15EBE4}"
EndProject
Project("{9A19103F-16F7-4668-BE54-9A1E7A4F7556}") = "76-RandomNumber-Exercise", "76-RandomNumber-Exercise\76-RandomNumber-Exercise.csproj", "{4CE3DD25-730E-487B-AA6D-2972A041E559}"
EndProject
Project("{FAE04EC0-301F-11D3-BF4B-00C04F79EFBC}") = "79-Refactor-RandomGame", "79-Refactor-RandomGame\79-Refactor-RandomGame.csproj", "{D95E4ED5-C645-4745-803E-37CC6BD649C1}"
EndProject
Global
	GlobalSection(SolutionConfigurationPlatforms) = preSolution
		Debug|Any CPU = Debug|Any CPU
		Release|Any CPU = Release|Any CPU
	EndGlobalSection
	GlobalSection(ProjectConfigurationPlatforms) = postSolution
		{CC580F79-5E80-4A7C-A7A7-F2B4E4860A3B}.Debug|Any CPU.ActiveCfg = Debug|Any CPU
		{CC580F79-5E80-4A7C-A7A7-F2B4E4860A3B}.Debug|Any CPU.Build.0 = Debug|Any CPU
		{CC580F79-5E80-4A7C-A7A7-F2B4E4860A3B}.Release|Any CPU.ActiveCfg = Release|Any CPU
		{CC580F79-5E80-4A7C-A7A7-F2B4E4860A3B}.Release|Any CPU.Build.0 = Release|Any CPU
		{706E83F5-4D2E-477F-8066-B3B4E9AC9806}.Debug|Any CPU.ActiveCfg = Debug|Any CPU
		{706E83F5-4D2E-477F-8066-B3B4E9AC9806}.Debug|Any CPU.Build.0 = Debug|Any CPU
		{706E83F5-4D2E-477F-8066-B3B4E9AC9806}.Release|Any CPU.ActiveCfg = Release|Any CPU
		{706E83F5-4D2E-477F-8066-B3B4E9AC9806}.Release|Any CPU.Build.0 = Release|Any CPU
		{E8F62FAF-AFDE-47F7-A686-31FA9F53AEE8}.Debug|Any CPU.ActiveCfg = Debug|Any CPU
		{E8F62FAF-AFDE-47F7-A686-31FA9F53AEE8}.Debug|Any CPU.Build.0 = Debug|Any CPU
		{E8F62FAF-AFDE-47F7-A686-31FA9F53AEE8}.Release|Any CPU.ActiveCfg = Release|Any CPU
		{E8F62FAF-AFDE-47F7-A686-31FA9F53AEE8}.Release|Any CPU.Build.0 = Release|Any CPU
		{2C27D202-F251-440C-B11A-17AFEB4013ED}.Debug|Any CPU.ActiveCfg = Debug|Any CPU
		{2C27D202-F251-440C-B11A-17AFEB4013ED}.Debug|Any CPU.Build.0 = Debug|Any CPU
		{2C27D202-F251-440C-B11A-17AFEB4013ED}.Release|Any CPU.ActiveCfg = Release|Any CPU
		{2C27D202-F251-440C-B11A-17AFEB4013ED}.Release|Any CPU.Build.0 = Release|Any CPU
		{D4B871B1-D87C-4A16-8458-DEBC57D22038}.Debug|Any CPU.ActiveCfg = Debug|Any CPU
		{D4B871B1-D87C-4A16-8458-DEBC57D22038}.Debug|Any CPU.Build.0 = Debug|Any CPU
		{D4B871B1-D87C-4A16-8458-DEBC57D22038}.Release|Any CPU.ActiveCfg = Release|Any CPU
		{D4B871B1-D87C-4A16-8458-DEBC57D22038}.Release|Any CPU.Build.0 = Release|Any CPU
		{3AFA4DFB-5193-4AF3-BF72-B1D3F453B22C}.Debug|Any CPU.ActiveCfg = Debug|Any CPU
		{3AFA4DFB-5193-4AF3-BF72-B1D3F453B22C}.Debug|Any CPU.Build.0 = Debug|Any CPU
		{3AFA4DFB-5193-4AF3-BF72-B1D3F453B22C}.Release|Any CPU.ActiveCfg = Release|Any CPU
		{3AFA4DFB-5193-4AF3-BF72-B1D3F453B22C}.Release|Any CPU.Build.0 = Release|Any CPU
		{475B8BBD-87BD-4F83-BF6F-94227AD967AB}.Debug|Any CPU.ActiveCfg = Debug|Any CPU
		{475B8BBD-87BD-4F83-BF6F-94227AD967AB}.Debug|Any CPU.Build.0 = Debug|Any CPU
		{475B8BBD-87BD-4F83-BF6F-94227AD967AB}.Release|Any CPU.ActiveCfg = Release|Any CPU
		{475B8BBD-87BD-4F83-BF6F-94227AD967AB}.Release|Any CPU.Build.0 = Release|Any CPU
		{C4C44222-713B-4B78-B7BF-7AFC19B50320}.Debug|Any CPU.ActiveCfg = Debug|Any CPU
		{C4C44222-713B-4B78-B7BF-7AFC19B50320}.Debug|Any CPU.Build.0 = Debug|Any CPU
		{C4C44222-713B-4B78-B7BF-7AFC19B50320}.Release|Any CPU.ActiveCfg = Release|Any CPU
		{C4C44222-713B-4B78-B7BF-7AFC19B50320}.Release|Any CPU.Build.0 = Release|Any CPU
		{013FFC8A-4022-465E-A737-00BF2C8551C8}.Debug|Any CPU.ActiveCfg = Debug|Any CPU
		{013FFC8A-4022-465E-A737-00BF2C8551C8}.Debug|Any CPU.Build.0 = Debug|Any CPU
		{013FFC8A-4022-465E-A737-00BF2C8551C8}.Release|Any CPU.ActiveCfg = Release|Any CPU
		{013FFC8A-4022-465E-A737-00BF2C8551C8}.Release|Any CPU.Build.0 = Release|Any CPU
		{67881C16-9025-405F-AD11-BF0DC23E7370}.Debug|Any CPU.ActiveCfg = Debug|Any CPU
		{67881C16-9025-405F-AD11-BF0DC23E7370}.Debug|Any CPU.Build.0 = Debug|Any CPU
		{67881C16-9025-405F-AD11-BF0DC23E7370}.Release|Any CPU.ActiveCfg = Release|Any CPU
		{67881C16-9025-405F-AD11-BF0DC23E7370}.Release|Any CPU.Build.0 = Release|Any CPU
		{3E48C4D2-A032-4F95-93B2-DE2D60D1B8CF}.Debug|Any CPU.ActiveCfg = Debug|Any CPU
		{3E48C4D2-A032-4F95-93B2-DE2D60D1B8CF}.Debug|Any CPU.Build.0 = Debug|Any CPU
		{3E48C4D2-A032-4F95-93B2-DE2D60D1B8CF}.Release|Any CPU.ActiveCfg = Release|Any CPU
		{3E48C4D2-A032-4F95-93B2-DE2D60D1B8CF}.Release|Any CPU.Build.0 = Release|Any CPU
		{3D34AF69-CA9B-493C-A29E-0DBB23E5DBFE}.Debug|Any CPU.ActiveCfg = Debug|Any CPU
		{3D34AF69-CA9B-493C-A29E-0DBB23E5DBFE}.Debug|Any CPU.Build.0 = Debug|Any CPU
		{3D34AF69-CA9B-493C-A29E-0DBB23E5DBFE}.Release|Any CPU.ActiveCfg = Release|Any CPU
		{3D34AF69-CA9B-493C-A29E-0DBB23E5DBFE}.Release|Any CPU.Build.0 = Release|Any CPU
		{1129E917-BAC1-48CE-816C-22D0ED0E55E4}.Debug|Any CPU.ActiveCfg = Debug|Any CPU
		{1129E917-BAC1-48CE-816C-22D0ED0E55E4}.Debug|Any CPU.Build.0 = Debug|Any CPU
		{1129E917-BAC1-48CE-816C-22D0ED0E55E4}.Release|Any CPU.ActiveCfg = Release|Any CPU
		{1129E917-BAC1-48CE-816C-22D0ED0E55E4}.Release|Any CPU.Build.0 = Release|Any CPU
		{2DF25AF5-5E96-42D0-BB4D-554BFFC9171A}.Debug|Any CPU.ActiveCfg = Debug|Any CPU
		{2DF25AF5-5E96-42D0-BB4D-554BFFC9171A}.Debug|Any CPU.Build.0 = Debug|Any CPU
		{2DF25AF5-5E96-42D0-BB4D-554BFFC9171A}.Release|Any CPU.ActiveCfg = Release|Any CPU
		{2DF25AF5-5E96-42D0-BB4D-554BFFC9171A}.Release|Any CPU.Build.0 = Release|Any CPU
		{56BC7FEB-E698-461D-ADE6-64143C8A16EB}.Debug|Any CPU.ActiveCfg = Debug|Any CPU
		{56BC7FEB-E698-461D-ADE6-64143C8A16EB}.Debug|Any CPU.Build.0 = Debug|Any CPU
		{56BC7FEB-E698-461D-ADE6-64143C8A16EB}.Release|Any CPU.ActiveCfg = Release|Any CPU
		{56BC7FEB-E698-461D-ADE6-64143C8A16EB}.Release|Any CPU.Build.0 = Release|Any CPU
		{8EE12C80-B1B5-4FC4-9CF0-07C66B0C2E96}.Debug|Any CPU.ActiveCfg = Debug|Any CPU
		{8EE12C80-B1B5-4FC4-9CF0-07C66B0C2E96}.Debug|Any CPU.Build.0 = Debug|Any CPU
		{8EE12C80-B1B5-4FC4-9CF0-07C66B0C2E96}.Release|Any CPU.ActiveCfg = Release|Any CPU
		{8EE12C80-B1B5-4FC4-9CF0-07C66B0C2E96}.Release|Any CPU.Build.0 = Release|Any CPU
		{2D1EDC16-4ED2-456A-9D6D-51C125A2AACE}.Debug|Any CPU.ActiveCfg = Debug|Any CPU
		{2D1EDC16-4ED2-456A-9D6D-51C125A2AACE}.Debug|Any CPU.Build.0 = Debug|Any CPU
		{2D1EDC16-4ED2-456A-9D6D-51C125A2AACE}.Release|Any CPU.ActiveCfg = Release|Any CPU
		{2D1EDC16-4ED2-456A-9D6D-51C125A2AACE}.Release|Any CPU.Build.0 = Release|Any CPU
		{2F5EEA0B-88BE-42F9-B8A7-E05DD488A4F9}.Debug|Any CPU.ActiveCfg = Debug|Any CPU
		{2F5EEA0B-88BE-42F9-B8A7-E05DD488A4F9}.Debug|Any CPU.Build.0 = Debug|Any CPU
		{2F5EEA0B-88BE-42F9-B8A7-E05DD488A4F9}.Release|Any CPU.ActiveCfg = Release|Any CPU
		{2F5EEA0B-88BE-42F9-B8A7-E05DD488A4F9}.Release|Any CPU.Build.0 = Release|Any CPU
		{EB559765-EBD5-4C7B-8F16-EE85B5129584}.Debug|Any CPU.ActiveCfg = Debug|Any CPU
		{EB559765-EBD5-4C7B-8F16-EE85B5129584}.Debug|Any CPU.Build.0 = Debug|Any CPU
		{EB559765-EBD5-4C7B-8F16-EE85B5129584}.Release|Any CPU.ActiveCfg = Release|Any CPU
		{EB559765-EBD5-4C7B-8F16-EE85B5129584}.Release|Any CPU.Build.0 = Release|Any CPU
		{7EBCECAF-0964-4D49-8764-B8D79FB2C4D1}.Debug|Any CPU.ActiveCfg = Debug|Any CPU
		{7EBCECAF-0964-4D49-8764-B8D79FB2C4D1}.Debug|Any CPU.Build.0 = Debug|Any CPU
		{7EBCECAF-0964-4D49-8764-B8D79FB2C4D1}.Release|Any CPU.ActiveCfg = Release|Any CPU
		{7EBCECAF-0964-4D49-8764-B8D79FB2C4D1}.Release|Any CPU.Build.0 = Release|Any CPU
		{A006F769-8F15-437A-BD2B-D18E3BD089BF}.Debug|Any CPU.ActiveCfg = Debug|Any CPU
		{A006F769-8F15-437A-BD2B-D18E3BD089BF}.Debug|Any CPU.Build.0 = Debug|Any CPU
		{A006F769-8F15-437A-BD2B-D18E3BD089BF}.Release|Any CPU.ActiveCfg = Release|Any CPU
		{A006F769-8F15-437A-BD2B-D18E3BD089BF}.Release|Any CPU.Build.0 = Release|Any CPU
		{8E20C14E-A1BE-439E-BF1C-76D41C73A6FB}.Debug|Any CPU.ActiveCfg = Debug|Any CPU
		{8E20C14E-A1BE-439E-BF1C-76D41C73A6FB}.Debug|Any CPU.Build.0 = Debug|Any CPU
		{8E20C14E-A1BE-439E-BF1C-76D41C73A6FB}.Release|Any CPU.ActiveCfg = Release|Any CPU
		{8E20C14E-A1BE-439E-BF1C-76D41C73A6FB}.Release|Any CPU.Build.0 = Release|Any CPU
		{0F044FCE-9BA7-4CCE-99A7-BBECD04FC2A5}.Debug|Any CPU.ActiveCfg = Debug|Any CPU
		{0F044FCE-9BA7-4CCE-99A7-BBECD04FC2A5}.Debug|Any CPU.Build.0 = Debug|Any CPU
		{0F044FCE-9BA7-4CCE-99A7-BBECD04FC2A5}.Release|Any CPU.ActiveCfg = Release|Any CPU
		{0F044FCE-9BA7-4CCE-99A7-BBECD04FC2A5}.Release|Any CPU.Build.0 = Release|Any CPU
		{534744F1-4E30-4F13-A5BF-C29026B6AB8D}.Debug|Any CPU.ActiveCfg = Debug|Any CPU
		{534744F1-4E30-4F13-A5BF-C29026B6AB8D}.Debug|Any CPU.Build.0 = Debug|Any CPU
		{534744F1-4E30-4F13-A5BF-C29026B6AB8D}.Release|Any CPU.ActiveCfg = Release|Any CPU
		{534744F1-4E30-4F13-A5BF-C29026B6AB8D}.Release|Any CPU.Build.0 = Release|Any CPU
		{15AF43A0-EAD7-4518-AAE6-D3EDEA398B73}.Debug|Any CPU.ActiveCfg = Debug|Any CPU
		{15AF43A0-EAD7-4518-AAE6-D3EDEA398B73}.Debug|Any CPU.Build.0 = Debug|Any CPU
		{15AF43A0-EAD7-4518-AAE6-D3EDEA398B73}.Release|Any CPU.ActiveCfg = Release|Any CPU
		{15AF43A0-EAD7-4518-AAE6-D3EDEA398B73}.Release|Any CPU.Build.0 = Release|Any CPU
		{4B0DB185-FB68-4843-8DB3-495FA1348825}.Debug|Any CPU.ActiveCfg = Debug|Any CPU
		{4B0DB185-FB68-4843-8DB3-495FA1348825}.Debug|Any CPU.Build.0 = Debug|Any CPU
		{4B0DB185-FB68-4843-8DB3-495FA1348825}.Release|Any CPU.ActiveCfg = Release|Any CPU
		{4B0DB185-FB68-4843-8DB3-495FA1348825}.Release|Any CPU.Build.0 = Release|Any CPU
		{485D5265-9F72-4256-AAFB-61113AD76A10}.Debug|Any CPU.ActiveCfg = Debug|Any CPU
		{485D5265-9F72-4256-AAFB-61113AD76A10}.Debug|Any CPU.Build.0 = Debug|Any CPU
		{485D5265-9F72-4256-AAFB-61113AD76A10}.Release|Any CPU.ActiveCfg = Release|Any CPU
		{485D5265-9F72-4256-AAFB-61113AD76A10}.Release|Any CPU.Build.0 = Release|Any CPU
		{2E74576E-8613-455B-AF86-27571A15EBE4}.Debug|Any CPU.ActiveCfg = Debug|Any CPU
		{2E74576E-8613-455B-AF86-27571A15EBE4}.Debug|Any CPU.Build.0 = Debug|Any CPU
		{2E74576E-8613-455B-AF86-27571A15EBE4}.Release|Any CPU.ActiveCfg = Release|Any CPU
		{2E74576E-8613-455B-AF86-27571A15EBE4}.Release|Any CPU.Build.0 = Release|Any CPU
		{4CE3DD25-730E-487B-AA6D-2972A041E559}.Debug|Any CPU.ActiveCfg = Debug|Any CPU
		{4CE3DD25-730E-487B-AA6D-2972A041E559}.Debug|Any CPU.Build.0 = Debug|Any CPU
		{4CE3DD25-730E-487B-AA6D-2972A041E559}.Release|Any CPU.ActiveCfg = Release|Any CPU
		{4CE3DD25-730E-487B-AA6D-2972A041E559}.Release|Any CPU.Build.0 = Release|Any CPU
		{D95E4ED5-C645-4745-803E-37CC6BD649C1}.Debug|Any CPU.ActiveCfg = Debug|Any CPU
		{D95E4ED5-C645-4745-803E-37CC6BD649C1}.Debug|Any CPU.Build.0 = Debug|Any CPU
		{D95E4ED5-C645-4745-803E-37CC6BD649C1}.Release|Any CPU.ActiveCfg = Release|Any CPU
		{D95E4ED5-C645-4745-803E-37CC6BD649C1}.Release|Any CPU.Build.0 = Release|Any CPU
	EndGlobalSection
	GlobalSection(SolutionProperties) = preSolution
		HideSolutionNode = FALSE
	EndGlobalSection
	GlobalSection(ExtensibilityGlobals) = postSolution
		SolutionGuid = {E71389DE-9B4B-44D9-B0E6-F71111A69B72}
	EndGlobalSection
EndGlobal
